
Microsoft Visual Studio Solution File, Format Version 12.00
# Visual Studio Version 17
VisualStudioVersion = 17.14.36212.18 d17.14
MinimumVisualStudioVersion = 10.0.40219.1
Project("{FAE04EC0-301F-11D3-BF4B-00C04F79EFBC}") = "TaskManagement.Domain", "TaskManagement.Domain\TaskManagement.Domain.csproj", "{AB859F4F-2CA3-4FC5-B01F-310ECD381B86}"
EndProject
Project("{FAE04EC0-301F-11D3-BF4B-00C04F79EFBC}") = "TaskManagement.Persistance", "TaskManagement.Persistance\TaskManagement.Persistance.csproj", "{6EFA9198-31D9-463C-8A15-242AABE69D7B}"
EndProject
Project("{FAE04EC0-301F-11D3-BF4B-00C04F79EFBC}") = "TaskManagement.Application", "TaskManagement.Application\TaskManagement.Application.csproj", "{0A4FDCE3-3141-4875-BE6E-9ACA2A3E45C2}"
EndProject
Project("{FAE04EC0-301F-11D3-BF4B-00C04F79EFBC}") = "TaskManagement.UI", "TaskManagement.UI\TaskManagement.UI.csproj", "{5A3857A3-5B38-4E3C-B0CD-14643E5C7588}"
EndProject
Global
	GlobalSection(SolutionConfigurationPlatforms) = preSolution
		Debug|Any CPU = Debug|Any CPU
		Release|Any CPU = Release|Any CPU
	EndGlobalSection
	GlobalSection(ProjectConfigurationPlatforms) = postSolution
		{AB859F4F-2CA3-4FC5-B01F-310ECD381B86}.Debug|Any CPU.ActiveCfg = Debug|Any CPU
		{AB859F4F-2CA3-4FC5-B01F-310ECD381B86}.Debug|Any CPU.Build.0 = Debug|Any CPU
		{AB859F4F-2CA3-4FC5-B01F-310ECD381B86}.Release|Any CPU.ActiveCfg = Release|Any CPU
		{AB859F4F-2CA3-4FC5-B01F-310ECD381B86}.Release|Any CPU.Build.0 = Release|Any CPU
		{6EFA9198-31D9-463C-8A15-242AABE69D7B}.Debug|Any CPU.ActiveCfg = Debug|Any CPU
		{6EFA9198-31D9-463C-8A15-242AABE69D7B}.Debug|Any CPU.Build.0 = Debug|Any CPU
		{6EFA9198-31D9-463C-8A15-242AABE69D7B}.Release|Any CPU.ActiveCfg = Release|Any CPU
		{6EFA9198-31D9-463C-8A15-242AABE69D7B}.Release|Any CPU.Build.0 = Release|Any CPU
		{0A4FDCE3-3141-4875-BE6E-9ACA2A3E45C2}.Debug|Any CPU.ActiveCfg = Debug|Any CPU
		{0A4FDCE3-3141-4875-BE6E-9ACA2A3E45C2}.Debug|Any CPU.Build.0 = Debug|Any CPU
		{0A4FDCE3-3141-4875-BE6E-9ACA2A3E45C2}.Release|Any CPU.ActiveCfg = Release|Any CPU
		{0A4FDCE3-3141-4875-BE6E-9ACA2A3E45C2}.Release|Any CPU.Build.0 = Release|Any CPU
		{5A3857A3-5B38-4E3C-B0CD-14643E5C7588}.Debug|Any CPU.ActiveCfg = Debug|Any CPU
		{5A3857A3-5B38-4E3C-B0CD-14643E5C7588}.Debug|Any CPU.Build.0 = Debug|Any CPU
		{5A3857A3-5B38-4E3C-B0CD-14643E5C7588}.Release|Any CPU.ActiveCfg = Release|Any CPU
		{5A3857A3-5B38-4E3C-B0CD-14643E5C7588}.Release|Any CPU.Build.0 = Release|Any CPU
	EndGlobalSection
	GlobalSection(SolutionProperties) = preSolution
		HideSolutionNode = FALSE
	EndGlobalSection
	GlobalSection(ExtensibilityGlobals) = postSolution
		SolutionGuid = {9FFE41D3-93EA-43E4-964F-B7F6015260FB}
	EndGlobalSection
EndGlobal
